<?xml version="1.0" encoding="utf-8"?>
<Project ToolsVersion="4.0" xmlns="http://schemas.microsoft.com/developer/msbuild/2003">
  <ItemGroup>
    <Filter Include="Headers">
      <UniqueIdentifier>{C196CD9C-2D76-4C38-368E-D70EA2ECB299}</UniqueIdentifier>
    </Filter>
    <Filter Include="Sources">
      <UniqueIdentifier>{89565304-F535-D29F-FE4D-5D766AAC3801}</UniqueIdentifier>
    </Filter>
    <Filter Include="Sources\src">
      <UniqueIdentifier>{2031D913-8CE6-5109-15DB-4BE0818F480D}</UniqueIdentifier>
    </Filter>
  </ItemGroup>
  <ItemGroup>
    <ClInclude Include="src\Timer.h">
      <Filter>Headers</Filter>
    </ClInclude>
    <ClInclude Include="src\VKRAppError.h">
      <Filter>Headers</Filter>
    </ClInclude>
    <ClInclude Include="src\casts.h">
      <Filter>Headers</Filter>
    </ClInclude>
    <ClInclude Include="src\disableWarn.h">
      <Filter>Headers</Filter>
    </ClInclude>
    <ClInclude Include="src\first_app.hpp">
      <Filter>Headers</Filter>
    </ClInclude>
    <ClInclude Include="src\headers.h">
      <Filter>Headers</Filter>
    </ClInclude>
    <ClInclude Include="src\keyboard_movement_controller.hpp">
      <Filter>Headers</Filter>
    </ClInclude>
    <ClInclude Include="src\lve_camera.hpp">
      <Filter>Headers</Filter>
    </ClInclude>
    <ClInclude Include="src\lve_device.hpp">
      <Filter>Headers</Filter>
    </ClInclude>
    <ClInclude Include="src\lve_game_object.hpp">
      <Filter>Headers</Filter>
    </ClInclude>
    <ClInclude Include="src\lve_model.hpp">
      <Filter>Headers</Filter>
    </ClInclude>
    <ClInclude Include="src\lve_pipeline.hpp">
      <Filter>Headers</Filter>
    </ClInclude>
    <ClInclude Include="src\lve_renderer.hpp">
      <Filter>Headers</Filter>
    </ClInclude>
    <ClInclude Include="src\lve_swap_chain.hpp">
      <Filter>Headers</Filter>
    </ClInclude>
    <ClInclude Include="src\lve_utils.hpp">
      <Filter>Headers</Filter>
    </ClInclude>
    <ClInclude Include="src\lve_window.hpp">
      <Filter>Headers</Filter>
    </ClInclude>
    <ClInclude Include="src\simple_render_system.hpp">
      <Filter>Headers</Filter>
    </ClInclude>
  </ItemGroup>
  <ItemGroup>
    <ClCompile Include="src\Simple_render_system.cpp">
      <Filter>Sources\src</Filter>
    </ClCompile>
    <ClCompile Include="src\first_app.cpp">
      <Filter>Sources\src</Filter>
    </ClCompile>
    <ClCompile Include="src\keyboard_movement_controller.cpp">
      <Filter>Sources\src</Filter>
    </ClCompile>
    <ClCompile Include="src\lve_camera.cpp">
      <Filter>Sources\src</Filter>
    </ClCompile>
    <ClCompile Include="src\lve_device.cpp">
      <Filter>Sources\src</Filter>
    </ClCompile>
    <ClCompile Include="src\lve_game_object.cpp">
      <Filter>Sources\src</Filter>
    </ClCompile>
    <ClCompile Include="src\lve_model.cpp">
      <Filter>Sources\src</Filter>
    </ClCompile>
    <ClCompile Include="src\lve_pipeline.cpp">
      <Filter>Sources\src</Filter>
    </ClCompile>
    <ClCompile Include="src\lve_renderer.cpp">
      <Filter>Sources\src</Filter>
    </ClCompile>
    <ClCompile Include="src\lve_swap_chain.cpp">
      <Filter>Sources\src</Filter>
    </ClCompile>
    <ClCompile Include="src\lve_window.cpp">
      <Filter>Sources\src</Filter>
    </ClCompile>
    <ClCompile Include="src\main.cpp">
      <Filter>Sources\src</Filter>
    </ClCompile>
  </ItemGroup>
</Project>